
Microsoft Visual Studio Solution File, Format Version 12.00
# Visual Studio 15
VisualStudioVersion = 15.0.28307.1062
MinimumVisualStudioVersion = 10.0.40219.1
Project("{FAE04EC0-301F-11D3-BF4B-00C04F79EFBC}") = "WebForm", "WebForm\WebForm.csproj", "{FFD4E2BC-0513-4877-95FE-5FB371F909D3}"
EndProject
Global
	GlobalSection(SolutionConfigurationPlatforms) = preSolution
		Debug|Any CPU = Debug|Any CPU
		Release|Any CPU = Release|Any CPU
	EndGlobalSection
	GlobalSection(ProjectConfigurationPlatforms) = postSolution
		{FFD4E2BC-0513-4877-95FE-5FB371F909D3}.Debug|Any CPU.ActiveCfg = Debug|Any CPU
		{FFD4E2BC-0513-4877-95FE-5FB371F909D3}.Debug|Any CPU.Build.0 = Debug|Any CPU
		{FFD4E2BC-0513-4877-95FE-5FB371F909D3}.Release|Any CPU.ActiveCfg = Release|Any CPU
		{FFD4E2BC-0513-4877-95FE-5FB371F909D3}.Release|Any CPU.Build.0 = Release|Any CPU
	EndGlobalSection
	GlobalSection(SolutionProperties) = preSolution
		HideSolutionNode = FALSE
	EndGlobalSection
	GlobalSection(ExtensibilityGlobals) = postSolution
		SolutionGuid = {736E015A-8A41-4347-AD8F-6E0232A53DA6}
	EndGlobalSection
EndGlobal
